
Microsoft Visual Studio Solution File, Format Version 12.00
# Visual Studio Version 17
VisualStudioVersion = 17.5.33530.505
MinimumVisualStudioVersion = 10.0.40219.1
Project("{FAE04EC0-301F-11D3-BF4B-00C04F79EFBC}") = "bioTekno.OrderProject.UI", "bioTekno.OrderProject.API\bioTekno.OrderProject.UI.csproj", "{E1CA92B7-97C3-4936-BF76-82E13D3D5242}"
EndProject
Project("{FAE04EC0-301F-11D3-BF4B-00C04F79EFBC}") = "bioTekno.OrderProject.Business", "bioTekno.OrderProject.Business\bioTekno.OrderProject.Business.csproj", "{3C759BDD-A962-4ED0-B7AA-CE9B27DD29D7}"
EndProject
Project("{FAE04EC0-301F-11D3-BF4B-00C04F79EFBC}") = "bioTekno.OrderProject.DataAccess", "bioTekno.OrderProject.DataAccess\bioTekno.OrderProject.DataAccess.csproj", "{2456B266-A448-4BE1-A217-5BD3B5F9AF23}"
EndProject
Project("{FAE04EC0-301F-11D3-BF4B-00C04F79EFBC}") = "bioTekno.OrderProject.Dtos", "bioTekno.OrderProject.Dtos\bioTekno.OrderProject.Dtos.csproj", "{2AAF896F-949B-4E31-A502-68EEF892AF93}"
EndProject
Project("{FAE04EC0-301F-11D3-BF4B-00C04F79EFBC}") = "bioTekno.OrderProject.Entities", "bioTekno.OrderProject.Entities\bioTekno.OrderProject.Entities.csproj", "{B431A410-9772-4C99-9618-8E10C1944A30}"
EndProject
Project("{FAE04EC0-301F-11D3-BF4B-00C04F79EFBC}") = "bioTekno.OrderProject.Common", "bioTekno.OrderProject.Common\bioTekno.OrderProject.Common.csproj", "{30C862E3-5BD8-4521-BED6-22D4D9C8F8A4}"
EndProject
Global
	GlobalSection(SolutionConfigurationPlatforms) = preSolution
		Debug|Any CPU = Debug|Any CPU
		Release|Any CPU = Release|Any CPU
	EndGlobalSection
	GlobalSection(ProjectConfigurationPlatforms) = postSolution
		{E1CA92B7-97C3-4936-BF76-82E13D3D5242}.Debug|Any CPU.ActiveCfg = Debug|Any CPU
		{E1CA92B7-97C3-4936-BF76-82E13D3D5242}.Debug|Any CPU.Build.0 = Debug|Any CPU
		{E1CA92B7-97C3-4936-BF76-82E13D3D5242}.Release|Any CPU.ActiveCfg = Release|Any CPU
		{E1CA92B7-97C3-4936-BF76-82E13D3D5242}.Release|Any CPU.Build.0 = Release|Any CPU
		{3C759BDD-A962-4ED0-B7AA-CE9B27DD29D7}.Debug|Any CPU.ActiveCfg = Debug|Any CPU
		{3C759BDD-A962-4ED0-B7AA-CE9B27DD29D7}.Debug|Any CPU.Build.0 = Debug|Any CPU
		{3C759BDD-A962-4ED0-B7AA-CE9B27DD29D7}.Release|Any CPU.ActiveCfg = Release|Any CPU
		{3C759BDD-A962-4ED0-B7AA-CE9B27DD29D7}.Release|Any CPU.Build.0 = Release|Any CPU
		{2456B266-A448-4BE1-A217-5BD3B5F9AF23}.Debug|Any CPU.ActiveCfg = Debug|Any CPU
		{2456B266-A448-4BE1-A217-5BD3B5F9AF23}.Debug|Any CPU.Build.0 = Debug|Any CPU
		{2456B266-A448-4BE1-A217-5BD3B5F9AF23}.Release|Any CPU.ActiveCfg = Release|Any CPU
		{2456B266-A448-4BE1-A217-5BD3B5F9AF23}.Release|Any CPU.Build.0 = Release|Any CPU
		{2AAF896F-949B-4E31-A502-68EEF892AF93}.Debug|Any CPU.ActiveCfg = Debug|Any CPU
		{2AAF896F-949B-4E31-A502-68EEF892AF93}.Debug|Any CPU.Build.0 = Debug|Any CPU
		{2AAF896F-949B-4E31-A502-68EEF892AF93}.Release|Any CPU.ActiveCfg = Release|Any CPU
		{2AAF896F-949B-4E31-A502-68EEF892AF93}.Release|Any CPU.Build.0 = Release|Any CPU
		{B431A410-9772-4C99-9618-8E10C1944A30}.Debug|Any CPU.ActiveCfg = Debug|Any CPU
		{B431A410-9772-4C99-9618-8E10C1944A30}.Debug|Any CPU.Build.0 = Debug|Any CPU
		{B431A410-9772-4C99-9618-8E10C1944A30}.Release|Any CPU.ActiveCfg = Release|Any CPU
		{B431A410-9772-4C99-9618-8E10C1944A30}.Release|Any CPU.Build.0 = Release|Any CPU
		{30C862E3-5BD8-4521-BED6-22D4D9C8F8A4}.Debug|Any CPU.ActiveCfg = Debug|Any CPU
		{30C862E3-5BD8-4521-BED6-22D4D9C8F8A4}.Debug|Any CPU.Build.0 = Debug|Any CPU
		{30C862E3-5BD8-4521-BED6-22D4D9C8F8A4}.Release|Any CPU.ActiveCfg = Release|Any CPU
		{30C862E3-5BD8-4521-BED6-22D4D9C8F8A4}.Release|Any CPU.Build.0 = Release|Any CPU
	EndGlobalSection
	GlobalSection(SolutionProperties) = preSolution
		HideSolutionNode = FALSE
	EndGlobalSection
	GlobalSection(ExtensibilityGlobals) = postSolution
		SolutionGuid = {9031AC6F-06C3-4A4F-BE3D-5054BAD06E9E}
	EndGlobalSection
EndGlobal
